
Microsoft Visual Studio Solution File, Format Version 12.00
# Visual Studio Version 16
VisualStudioVersion = 16.0.31105.61
MinimumVisualStudioVersion = 10.0.40219.1
Project("{FAE04EC0-301F-11D3-BF4B-00C04F79EFBC}") = "TravelApp", "TravelApp\TravelApp.csproj", "{CE0C7AD2-94F5-4B00-9FE7-5044209ECD36}"
EndProject
Project("{FAE04EC0-301F-11D3-BF4B-00C04F79EFBC}") = "TravelAppBackend", "TravelAppBackend\TravelAppBackend.csproj", "{7B783344-46B1-45ED-B330-2905AE3204B3}"
EndProject
Global
	GlobalSection(SolutionConfigurationPlatforms) = preSolution
		Debug|Any CPU = Debug|Any CPU
		Debug|ARM = Debug|ARM
		Debug|ARM64 = Debug|ARM64
		Debug|x64 = Debug|x64
		Debug|x86 = Debug|x86
		Release|Any CPU = Release|Any CPU
		Release|ARM = Release|ARM
		Release|ARM64 = Release|ARM64
		Release|x64 = Release|x64
		Release|x86 = Release|x86
	EndGlobalSection
	GlobalSection(ProjectConfigurationPlatforms) = postSolution
		{CE0C7AD2-94F5-4B00-9FE7-5044209ECD36}.Debug|Any CPU.ActiveCfg = Debug|x86
		{CE0C7AD2-94F5-4B00-9FE7-5044209ECD36}.Debug|ARM.ActiveCfg = Debug|ARM
		{CE0C7AD2-94F5-4B00-9FE7-5044209ECD36}.Debug|ARM.Build.0 = Debug|ARM
		{CE0C7AD2-94F5-4B00-9FE7-5044209ECD36}.Debug|ARM.Deploy.0 = Debug|ARM
		{CE0C7AD2-94F5-4B00-9FE7-5044209ECD36}.Debug|ARM64.ActiveCfg = Debug|ARM64
		{CE0C7AD2-94F5-4B00-9FE7-5044209ECD36}.Debug|ARM64.Build.0 = Debug|ARM64
		{CE0C7AD2-94F5-4B00-9FE7-5044209ECD36}.Debug|ARM64.Deploy.0 = Debug|ARM64
		{CE0C7AD2-94F5-4B00-9FE7-5044209ECD36}.Debug|x64.ActiveCfg = Debug|x64
		{CE0C7AD2-94F5-4B00-9FE7-5044209ECD36}.Debug|x64.Build.0 = Debug|x64
		{CE0C7AD2-94F5-4B00-9FE7-5044209ECD36}.Debug|x64.Deploy.0 = Debug|x64
		{CE0C7AD2-94F5-4B00-9FE7-5044209ECD36}.Debug|x86.ActiveCfg = Debug|x86
		{CE0C7AD2-94F5-4B00-9FE7-5044209ECD36}.Debug|x86.Build.0 = Debug|x86
		{CE0C7AD2-94F5-4B00-9FE7-5044209ECD36}.Debug|x86.Deploy.0 = Debug|x86
		{CE0C7AD2-94F5-4B00-9FE7-5044209ECD36}.Release|Any CPU.ActiveCfg = Release|x86
		{CE0C7AD2-94F5-4B00-9FE7-5044209ECD36}.Release|ARM.ActiveCfg = Release|ARM
		{CE0C7AD2-94F5-4B00-9FE7-5044209ECD36}.Release|ARM.Build.0 = Release|ARM
		{CE0C7AD2-94F5-4B00-9FE7-5044209ECD36}.Release|ARM.Deploy.0 = Release|ARM
		{CE0C7AD2-94F5-4B00-9FE7-5044209ECD36}.Release|ARM64.ActiveCfg = Release|ARM64
		{CE0C7AD2-94F5-4B00-9FE7-5044209ECD36}.Release|ARM64.Build.0 = Release|ARM64
		{CE0C7AD2-94F5-4B00-9FE7-5044209ECD36}.Release|ARM64.Deploy.0 = Release|ARM64
		{CE0C7AD2-94F5-4B00-9FE7-5044209ECD36}.Release|x64.ActiveCfg = Release|x64
		{CE0C7AD2-94F5-4B00-9FE7-5044209ECD36}.Release|x64.Build.0 = Release|x64
		{CE0C7AD2-94F5-4B00-9FE7-5044209ECD36}.Release|x64.Deploy.0 = Release|x64
		{CE0C7AD2-94F5-4B00-9FE7-5044209ECD36}.Release|x86.ActiveCfg = Release|x86
		{CE0C7AD2-94F5-4B00-9FE7-5044209ECD36}.Release|x86.Build.0 = Release|x86
		{CE0C7AD2-94F5-4B00-9FE7-5044209ECD36}.Release|x86.Deploy.0 = Release|x86
		{7B783344-46B1-45ED-B330-2905AE3204B3}.Debug|Any CPU.ActiveCfg = Debug|Any CPU
		{7B783344-46B1-45ED-B330-2905AE3204B3}.Debug|Any CPU.Build.0 = Debug|Any CPU
		{7B783344-46B1-45ED-B330-2905AE3204B3}.Debug|ARM.ActiveCfg = Debug|Any CPU
		{7B783344-46B1-45ED-B330-2905AE3204B3}.Debug|ARM.Build.0 = Debug|Any CPU
		{7B783344-46B1-45ED-B330-2905AE3204B3}.Debug|ARM64.ActiveCfg = Debug|Any CPU
		{7B783344-46B1-45ED-B330-2905AE3204B3}.Debug|ARM64.Build.0 = Debug|Any CPU
		{7B783344-46B1-45ED-B330-2905AE3204B3}.Debug|x64.ActiveCfg = Debug|Any CPU
		{7B783344-46B1-45ED-B330-2905AE3204B3}.Debug|x64.Build.0 = Debug|Any CPU
		{7B783344-46B1-45ED-B330-2905AE3204B3}.Debug|x86.ActiveCfg = Debug|Any CPU
		{7B783344-46B1-45ED-B330-2905AE3204B3}.Debug|x86.Build.0 = Debug|Any CPU
		{7B783344-46B1-45ED-B330-2905AE3204B3}.Release|Any CPU.ActiveCfg = Release|Any CPU
		{7B783344-46B1-45ED-B330-2905AE3204B3}.Release|Any CPU.Build.0 = Release|Any CPU
		{7B783344-46B1-45ED-B330-2905AE3204B3}.Release|ARM.ActiveCfg = Release|Any CPU
		{7B783344-46B1-45ED-B330-2905AE3204B3}.Release|ARM.Build.0 = Release|Any CPU
		{7B783344-46B1-45ED-B330-2905AE3204B3}.Release|ARM64.ActiveCfg = Release|Any CPU
		{7B783344-46B1-45ED-B330-2905AE3204B3}.Release|ARM64.Build.0 = Release|Any CPU
		{7B783344-46B1-45ED-B330-2905AE3204B3}.Release|x64.ActiveCfg = Release|Any CPU
		{7B783344-46B1-45ED-B330-2905AE3204B3}.Release|x64.Build.0 = Release|Any CPU
		{7B783344-46B1-45ED-B330-2905AE3204B3}.Release|x86.ActiveCfg = Release|Any CPU
		{7B783344-46B1-45ED-B330-2905AE3204B3}.Release|x86.Build.0 = Release|Any CPU
	EndGlobalSection
	GlobalSection(SolutionProperties) = preSolution
		HideSolutionNode = FALSE
	EndGlobalSection
	GlobalSection(ExtensibilityGlobals) = postSolution
		SolutionGuid = {47AF56C8-5963-4865-B4D5-C9DD9325A5E3}
	EndGlobalSection
EndGlobal
